
Microsoft Visual Studio Solution File, Format Version 12.00
# Visual Studio Version 16
VisualStudioVersion = 16.0.30717.126
MinimumVisualStudioVersion = 10.0.40219.1
Project("{FAE04EC0-301F-11D3-BF4B-00C04F79EFBC}") = "Lab2", "Lab2.csproj", "{54EA02A6-A829-46BF-BD8D-BA94AB45AF76}"
EndProject
Global
	GlobalSection(SolutionConfigurationPlatforms) = preSolution
		Debug|Any CPU = Debug|Any CPU
		Release|Any CPU = Release|Any CPU
	EndGlobalSection
	GlobalSection(ProjectConfigurationPlatforms) = postSolution
		{54EA02A6-A829-46BF-BD8D-BA94AB45AF76}.Debug|Any CPU.ActiveCfg = Debug|Any CPU
		{54EA02A6-A829-46BF-BD8D-BA94AB45AF76}.Debug|Any CPU.Build.0 = Debug|Any CPU
		{54EA02A6-A829-46BF-BD8D-BA94AB45AF76}.Release|Any CPU.ActiveCfg = Release|Any CPU
		{54EA02A6-A829-46BF-BD8D-BA94AB45AF76}.Release|Any CPU.Build.0 = Release|Any CPU
	EndGlobalSection
	GlobalSection(SolutionProperties) = preSolution
		HideSolutionNode = FALSE
	EndGlobalSection
	GlobalSection(ExtensibilityGlobals) = postSolution
		SolutionGuid = {8D140BE6-8FA5-412C-971C-DC28E364CA80}
	EndGlobalSection
EndGlobal
